
Microsoft Visual Studio Solution File, Format Version 12.00
# Visual Studio Version 17
VisualStudioVersion = 17.14.36221.1
MinimumVisualStudioVersion = 10.0.40219.1
Project("{FAE04EC0-301F-11D3-BF4B-00C04F79EFBC}") = "OperationsDemo", "OperationsDemo\OperationsDemo.csproj", "{392EFFDE-37F5-48C2-A460-0FBE494AB8C7}"
EndProject
Project("{FAE04EC0-301F-11D3-BF4B-00C04F79EFBC}") = "OperationsEngine", "OperationsEngine\OperationsEngine.csproj", "{E73DDD24-4FF7-4FF3-A36E-341351AE4B09}"
EndProject
Project("{FAE04EC0-301F-11D3-BF4B-00C04F79EFBC}") = "OperationsEngine.Extensions.Autofac", "OperationsEngine.Extensions.Autofac\OperationsEngine.Extensions.Autofac.csproj", "{E3FAF14C-47B0-48DF-A424-0EAA052F4257}"
EndProject
Global
	GlobalSection(SolutionConfigurationPlatforms) = preSolution
		Debug|Any CPU = Debug|Any CPU
		Release|Any CPU = Release|Any CPU
	EndGlobalSection
	GlobalSection(ProjectConfigurationPlatforms) = postSolution
		{392EFFDE-37F5-48C2-A460-0FBE494AB8C7}.Debug|Any CPU.ActiveCfg = Debug|Any CPU
		{392EFFDE-37F5-48C2-A460-0FBE494AB8C7}.Debug|Any CPU.Build.0 = Debug|Any CPU
		{392EFFDE-37F5-48C2-A460-0FBE494AB8C7}.Release|Any CPU.ActiveCfg = Release|Any CPU
		{392EFFDE-37F5-48C2-A460-0FBE494AB8C7}.Release|Any CPU.Build.0 = Release|Any CPU
		{E73DDD24-4FF7-4FF3-A36E-341351AE4B09}.Debug|Any CPU.ActiveCfg = Debug|Any CPU
		{E73DDD24-4FF7-4FF3-A36E-341351AE4B09}.Debug|Any CPU.Build.0 = Debug|Any CPU
		{E73DDD24-4FF7-4FF3-A36E-341351AE4B09}.Release|Any CPU.ActiveCfg = Release|Any CPU
		{E73DDD24-4FF7-4FF3-A36E-341351AE4B09}.Release|Any CPU.Build.0 = Release|Any CPU
		{E3FAF14C-47B0-48DF-A424-0EAA052F4257}.Debug|Any CPU.ActiveCfg = Debug|Any CPU
		{E3FAF14C-47B0-48DF-A424-0EAA052F4257}.Debug|Any CPU.Build.0 = Debug|Any CPU
		{E3FAF14C-47B0-48DF-A424-0EAA052F4257}.Release|Any CPU.ActiveCfg = Release|Any CPU
		{E3FAF14C-47B0-48DF-A424-0EAA052F4257}.Release|Any CPU.Build.0 = Release|Any CPU
	EndGlobalSection
	GlobalSection(SolutionProperties) = preSolution
		HideSolutionNode = FALSE
	EndGlobalSection
	GlobalSection(ExtensibilityGlobals) = postSolution
		SolutionGuid = {CE44EBD1-0CE5-4719-9C12-AC195DAFDC4F}
	EndGlobalSection
EndGlobal
