
Microsoft Visual Studio Solution File, Format Version 12.00
# Visual Studio Version 17
VisualStudioVersion = 17.14.36221.1
MinimumVisualStudioVersion = 10.0.40219.1
Project("{FAE04EC0-301F-11D3-BF4B-00C04F79EFBC}") = "OperationDemo", "OperationDemo\OperationDemo.csproj", "{392EFFDE-37F5-48C2-A460-0FBE494AB8C7}"
EndProject
Project("{FAE04EC0-301F-11D3-BF4B-00C04F79EFBC}") = "OperationEngine", "OperationEngine\OperationEngine.csproj", "{E73DDD24-4FF7-4FF3-A36E-341351AE4B09}"
EndProject
Project("{FAE04EC0-301F-11D3-BF4B-00C04F79EFBC}") = "OperationEngine.Extensions.Autofac", "OperationEngine.Extensions.Autofac\OperationEngine.Extensions.Autofac.csproj", "{E3FAF14C-47B0-48DF-A424-0EAA052F4257}"
EndProject
Project("{2150E333-8FDC-42A3-9474-1A3956D46DE8}") = "SolutionItems", "SolutionItems", "{02EA681E-C7D8-13C7-8484-4AC65E1B71E8}"
	ProjectSection(SolutionItems) = preProject
		Directory.Build.props = Directory.Build.props
	EndProjectSection
EndProject
Project("{2150E333-8FDC-42A3-9474-1A3956D46DE8}") = "Demo", "Demo", "{162B1229-640F-4420-ABCF-7A508B90A135}"
EndProject
Project("{FAE04EC0-301F-11D3-BF4B-00C04F79EFBC}") = "OperationDemo.Application", "OperationDemo.Application\OperationDemo.Application.csproj", "{CDA48D60-0098-43FE-99A2-F74FF381484F}"
EndProject
Global
	GlobalSection(SolutionConfigurationPlatforms) = preSolution
		Debug|Any CPU = Debug|Any CPU
		Release|Any CPU = Release|Any CPU
	EndGlobalSection
	GlobalSection(ProjectConfigurationPlatforms) = postSolution
		{392EFFDE-37F5-48C2-A460-0FBE494AB8C7}.Debug|Any CPU.ActiveCfg = Debug|Any CPU
		{392EFFDE-37F5-48C2-A460-0FBE494AB8C7}.Debug|Any CPU.Build.0 = Debug|Any CPU
		{392EFFDE-37F5-48C2-A460-0FBE494AB8C7}.Release|Any CPU.ActiveCfg = Release|Any CPU
		{392EFFDE-37F5-48C2-A460-0FBE494AB8C7}.Release|Any CPU.Build.0 = Release|Any CPU
		{E73DDD24-4FF7-4FF3-A36E-341351AE4B09}.Debug|Any CPU.ActiveCfg = Debug|Any CPU
		{E73DDD24-4FF7-4FF3-A36E-341351AE4B09}.Debug|Any CPU.Build.0 = Debug|Any CPU
		{E73DDD24-4FF7-4FF3-A36E-341351AE4B09}.Release|Any CPU.ActiveCfg = Release|Any CPU
		{E73DDD24-4FF7-4FF3-A36E-341351AE4B09}.Release|Any CPU.Build.0 = Release|Any CPU
		{E3FAF14C-47B0-48DF-A424-0EAA052F4257}.Debug|Any CPU.ActiveCfg = Debug|Any CPU
		{E3FAF14C-47B0-48DF-A424-0EAA052F4257}.Debug|Any CPU.Build.0 = Debug|Any CPU
		{E3FAF14C-47B0-48DF-A424-0EAA052F4257}.Release|Any CPU.ActiveCfg = Release|Any CPU
		{E3FAF14C-47B0-48DF-A424-0EAA052F4257}.Release|Any CPU.Build.0 = Release|Any CPU
		{CDA48D60-0098-43FE-99A2-F74FF381484F}.Debug|Any CPU.ActiveCfg = Debug|Any CPU
		{CDA48D60-0098-43FE-99A2-F74FF381484F}.Debug|Any CPU.Build.0 = Debug|Any CPU
		{CDA48D60-0098-43FE-99A2-F74FF381484F}.Release|Any CPU.ActiveCfg = Release|Any CPU
		{CDA48D60-0098-43FE-99A2-F74FF381484F}.Release|Any CPU.Build.0 = Release|Any CPU
	EndGlobalSection
	GlobalSection(SolutionProperties) = preSolution
		HideSolutionNode = FALSE
	EndGlobalSection
	GlobalSection(NestedProjects) = preSolution
		{392EFFDE-37F5-48C2-A460-0FBE494AB8C7} = {162B1229-640F-4420-ABCF-7A508B90A135}
		{CDA48D60-0098-43FE-99A2-F74FF381484F} = {162B1229-640F-4420-ABCF-7A508B90A135}
	EndGlobalSection
	GlobalSection(ExtensibilityGlobals) = postSolution
		SolutionGuid = {CE44EBD1-0CE5-4719-9C12-AC195DAFDC4F}
	EndGlobalSection
EndGlobal
